
Microsoft Visual Studio Solution File, Format Version 12.00
# Visual Studio 15
VisualStudioVersion = 15.0.26124.0
MinimumVisualStudioVersion = 15.0.26124.0
Project("{FAE04EC0-301F-11D3-BF4B-00C04F79EFBC}") = "Aula01", "Aula01\Aula01.csproj", "{22D165E4-F289-48FE-BCAC-0D5E076CECED}"
EndProject
Project("{FAE04EC0-301F-11D3-BF4B-00C04F79EFBC}") = "Aula 02", "Aula 02\Aula 02.csproj", "{53CAA7EF-F61A-44D5-8449-A5A66ED8E773}"
EndProject
Global
	GlobalSection(SolutionConfigurationPlatforms) = preSolution
		Debug|Any CPU = Debug|Any CPU
		Debug|x64 = Debug|x64
		Debug|x86 = Debug|x86
		Release|Any CPU = Release|Any CPU
		Release|x64 = Release|x64
		Release|x86 = Release|x86
	EndGlobalSection
	GlobalSection(SolutionProperties) = preSolution
		HideSolutionNode = FALSE
	EndGlobalSection
	GlobalSection(ProjectConfigurationPlatforms) = postSolution
		{22D165E4-F289-48FE-BCAC-0D5E076CECED}.Debug|Any CPU.ActiveCfg = Debug|Any CPU
		{22D165E4-F289-48FE-BCAC-0D5E076CECED}.Debug|Any CPU.Build.0 = Debug|Any CPU
		{22D165E4-F289-48FE-BCAC-0D5E076CECED}.Debug|x64.ActiveCfg = Debug|Any CPU
		{22D165E4-F289-48FE-BCAC-0D5E076CECED}.Debug|x64.Build.0 = Debug|Any CPU
		{22D165E4-F289-48FE-BCAC-0D5E076CECED}.Debug|x86.ActiveCfg = Debug|Any CPU
		{22D165E4-F289-48FE-BCAC-0D5E076CECED}.Debug|x86.Build.0 = Debug|Any CPU
		{22D165E4-F289-48FE-BCAC-0D5E076CECED}.Release|Any CPU.ActiveCfg = Release|Any CPU
		{22D165E4-F289-48FE-BCAC-0D5E076CECED}.Release|Any CPU.Build.0 = Release|Any CPU
		{22D165E4-F289-48FE-BCAC-0D5E076CECED}.Release|x64.ActiveCfg = Release|Any CPU
		{22D165E4-F289-48FE-BCAC-0D5E076CECED}.Release|x64.Build.0 = Release|Any CPU
		{22D165E4-F289-48FE-BCAC-0D5E076CECED}.Release|x86.ActiveCfg = Release|Any CPU
		{22D165E4-F289-48FE-BCAC-0D5E076CECED}.Release|x86.Build.0 = Release|Any CPU
		{53CAA7EF-F61A-44D5-8449-A5A66ED8E773}.Debug|Any CPU.ActiveCfg = Debug|Any CPU
		{53CAA7EF-F61A-44D5-8449-A5A66ED8E773}.Debug|Any CPU.Build.0 = Debug|Any CPU
		{53CAA7EF-F61A-44D5-8449-A5A66ED8E773}.Debug|x64.ActiveCfg = Debug|Any CPU
		{53CAA7EF-F61A-44D5-8449-A5A66ED8E773}.Debug|x64.Build.0 = Debug|Any CPU
		{53CAA7EF-F61A-44D5-8449-A5A66ED8E773}.Debug|x86.ActiveCfg = Debug|Any CPU
		{53CAA7EF-F61A-44D5-8449-A5A66ED8E773}.Debug|x86.Build.0 = Debug|Any CPU
		{53CAA7EF-F61A-44D5-8449-A5A66ED8E773}.Release|Any CPU.ActiveCfg = Release|Any CPU
		{53CAA7EF-F61A-44D5-8449-A5A66ED8E773}.Release|Any CPU.Build.0 = Release|Any CPU
		{53CAA7EF-F61A-44D5-8449-A5A66ED8E773}.Release|x64.ActiveCfg = Release|Any CPU
		{53CAA7EF-F61A-44D5-8449-A5A66ED8E773}.Release|x64.Build.0 = Release|Any CPU
		{53CAA7EF-F61A-44D5-8449-A5A66ED8E773}.Release|x86.ActiveCfg = Release|Any CPU
		{53CAA7EF-F61A-44D5-8449-A5A66ED8E773}.Release|x86.Build.0 = Release|Any CPU
	EndGlobalSection
EndGlobal
